
Microsoft Visual Studio Solution File, Format Version 12.00
# Visual Studio Version 17
VisualStudioVersion = 17.5.002.0
MinimumVisualStudioVersion = 10.0.40219.1
Project("{9A19103F-16F7-4668-BE54-9A1E7A4F7556}") = "Serialisation", "src\Serialisation.csproj", "{6053C656-165D-4F0F-8BCF-B192BA0059EA}"
EndProject
Global
	GlobalSection(SolutionConfigurationPlatforms) = preSolution
		Debug|Any CPU = Debug|Any CPU
		Release|Any CPU = Release|Any CPU
	EndGlobalSection
	GlobalSection(ProjectConfigurationPlatforms) = postSolution
		{6053C656-165D-4F0F-8BCF-B192BA0059EA}.Debug|Any CPU.ActiveCfg = Debug|Any CPU
		{6053C656-165D-4F0F-8BCF-B192BA0059EA}.Debug|Any CPU.Build.0 = Debug|Any CPU
		{6053C656-165D-4F0F-8BCF-B192BA0059EA}.Release|Any CPU.ActiveCfg = Release|Any CPU
		{6053C656-165D-4F0F-8BCF-B192BA0059EA}.Release|Any CPU.Build.0 = Release|Any CPU
	EndGlobalSection
	GlobalSection(SolutionProperties) = preSolution
		HideSolutionNode = FALSE
	EndGlobalSection
	GlobalSection(ExtensibilityGlobals) = postSolution
		SolutionGuid = {26DCC59F-9B9F-43FA-A8F9-5B3E4A7F114C}
	EndGlobalSection
EndGlobal
