
Microsoft Visual Studio Solution File, Format Version 12.00
# Visual Studio Version 17
VisualStudioVersion = 17.5.002.0
MinimumVisualStudioVersion = 10.0.40219.1
Project("{9A19103F-16F7-4668-BE54-9A1E7A4F7556}") = "Hello", "src\Hello.csproj", "{C55A9AF1-DEA5-4778-AEE8-2DBEB2C9F7F7}"
EndProject
Global
	GlobalSection(SolutionConfigurationPlatforms) = preSolution
		Debug|Any CPU = Debug|Any CPU
		Release|Any CPU = Release|Any CPU
	EndGlobalSection
	GlobalSection(ProjectConfigurationPlatforms) = postSolution
		{C55A9AF1-DEA5-4778-AEE8-2DBEB2C9F7F7}.Debug|Any CPU.ActiveCfg = Debug|Any CPU
		{C55A9AF1-DEA5-4778-AEE8-2DBEB2C9F7F7}.Debug|Any CPU.Build.0 = Debug|Any CPU
		{C55A9AF1-DEA5-4778-AEE8-2DBEB2C9F7F7}.Release|Any CPU.ActiveCfg = Release|Any CPU
		{C55A9AF1-DEA5-4778-AEE8-2DBEB2C9F7F7}.Release|Any CPU.Build.0 = Release|Any CPU
	EndGlobalSection
	GlobalSection(SolutionProperties) = preSolution
		HideSolutionNode = FALSE
	EndGlobalSection
	GlobalSection(ExtensibilityGlobals) = postSolution
		SolutionGuid = {D8DFDF23-C0B1-4F80-8A87-C7713F703689}
	EndGlobalSection
EndGlobal
