
Microsoft Visual Studio Solution File, Format Version 12.00
# Visual Studio Version 17
VisualStudioVersion = 17.5.002.0
MinimumVisualStudioVersion = 10.0.40219.1
Project("{9A19103F-16F7-4668-BE54-9A1E7A4F7556}") = "Collections", "src\Collections.csproj", "{A1563C94-FE0F-4EA0-A6F4-D37E36DAF9CA}"
EndProject
Global
	GlobalSection(SolutionConfigurationPlatforms) = preSolution
		Debug|Any CPU = Debug|Any CPU
		Release|Any CPU = Release|Any CPU
	EndGlobalSection
	GlobalSection(ProjectConfigurationPlatforms) = postSolution
		{A1563C94-FE0F-4EA0-A6F4-D37E36DAF9CA}.Debug|Any CPU.ActiveCfg = Debug|Any CPU
		{A1563C94-FE0F-4EA0-A6F4-D37E36DAF9CA}.Debug|Any CPU.Build.0 = Debug|Any CPU
		{A1563C94-FE0F-4EA0-A6F4-D37E36DAF9CA}.Release|Any CPU.ActiveCfg = Release|Any CPU
		{A1563C94-FE0F-4EA0-A6F4-D37E36DAF9CA}.Release|Any CPU.Build.0 = Release|Any CPU
	EndGlobalSection
	GlobalSection(SolutionProperties) = preSolution
		HideSolutionNode = FALSE
	EndGlobalSection
	GlobalSection(ExtensibilityGlobals) = postSolution
		SolutionGuid = {0AA65348-0B1D-435F-9D4D-1FC9AF64C63F}
	EndGlobalSection
EndGlobal
